{
  "lockfile_version": "1",
  "packages": {
    "direnv@latest": {
      "last_modified": "2026-02-23T15:40:43Z",
      "resolved": "github:NixOS/nixpkgs/80d901ec0377e19ac3f7bb8c035201e2e098cc97#direnv",
      "source": "devbox-search",
      "version": "2.37.1",
      "systems": {
        "aarch64-darwin": {
          "outputs": [
            {
              "name": "out",
              "path": "/nix/store/z4vvjsrdrg65jfkh0nbz5d47cml8rgmh-direnv-2.37.1",
              "default": true
            }
          ],
          "store_path": "/nix/store/z4vvjsrdrg65jfkh0nbz5d47cml8rgmh-direnv-2.37.1"
        },
        "aarch64-linux": {
          "outputs": [
            {
              "name": "out",
              "path": "/nix/store/2ksrc6nc7c4yavq3hl0g97i0w7368xnb-direnv-2.37.1",
              "default": true
            }
          ],
          "store_path": "/nix/store/2ksrc6nc7c4yavq3hl0g97i0w7368xnb-direnv-2.37.1"
        },
        "x86_64-darwin": {
          "outputs": [
            {
              "name": "out",
              "path": "/nix/store/midrr14abk8gpyw049mq4z0zr1i0rmvv-direnv-2.37.1",
              "default": true
            }
          ],
          "store_path": "/nix/store/midrr14abk8gpyw049mq4z0zr1i0rmvv-direnv-2.37.1"
        },
        "x86_64-linux": {
          "outputs": [
            {
              "name": "out",
              "path": "/nix/store/facg208fw2bgsg7w0f13k5iwkp8lnsi4-direnv-2.37.1",
              "default": true
            }
          ],
          "store_path": "/nix/store/facg208fw2bgsg7w0f13k5iwkp8lnsi4-direnv-2.37.1"
        }
      }
    },
    "github:NixOS/nixpkgs/nixpkgs-unstable": {
      "last_modified": "2026-03-04T00:49:39Z",
      "resolved": "github:NixOS/nixpkgs/0fd2db475afdde93c9e4b1625aafb8eb41b99807?lastModified=1772585379&narHash=sha256-zomLtA51H%2FqXAcjczveQFXPi%2FGuJUkPdpDeyu5bGI4M%3D"
    },
    "just@latest": {
      "last_modified": "2026-02-23T15:40:43Z",
      "resolved": "github:NixOS/nixpkgs/80d901ec0377e19ac3f7bb8c035201e2e098cc97#just",
      "source": "devbox-search",
      "version": "1.46.0",
      "systems": {
        "aarch64-darwin": {
          "outputs": [
            {
              "name": "out",
              "path": "/nix/store/70xj73qsinvmbc3rn1rch3k0bk2ric41-just-1.46.0",
              "default": true
            },
            {
              "name": "man",
              "path": "/nix/store/0rf7kvb3b5pz82rwadn4xm8y77x2iy4q-just-1.46.0-man",
              "default": true
            },
            {
              "name": "doc",
              "path": "/nix/store/z9xkrp3wmnlhf9h9s1jsh4r23w9jnjj1-just-1.46.0-doc"
            }
          ],
          "store_path": "/nix/store/70xj73qsinvmbc3rn1rch3k0bk2ric41-just-1.46.0"
        },
        "aarch64-linux": {
          "outputs": [
            {
              "name": "out",
              "path": "/nix/store/429xi40vq2by0f8qibrj8w45n92mkhzf-just-1.46.0",
              "default": true
            },
            {
              "name": "man",
              "path": "/nix/store/sykdbhkkadkdgx0psdm3q1j2zpcqm7nn-just-1.46.0-man",
              "default": true
            },
            {
              "name": "doc",
              "path": "/nix/store/4qwqc5rhwj795kqk6385l97paqpvhlaf-just-1.46.0-doc"
            }
          ],
          "store_path": "/nix/store/429xi40vq2by0f8qibrj8w45n92mkhzf-just-1.46.0"
        },
        "x86_64-darwin": {
          "outputs": [
            {
              "name": "out",
              "path": "/nix/store/2ai2169px8hbs6ap7srh9240v7qarjrl-just-1.46.0",
              "default": true
            },
            {
              "name": "man",
              "path": "/nix/store/ii6487zmcpc6qf5v95pfw646f8smkf87-just-1.46.0-man",
              "default": true
            },
            {
              "name": "doc",
              "path": "/nix/store/7hjj4qlvv9kk7rwj3gwz7pyxy6sc8p74-just-1.46.0-doc"
            }
          ],
          "store_path": "/nix/store/2ai2169px8hbs6ap7srh9240v7qarjrl-just-1.46.0"
        },
        "x86_64-linux": {
          "outputs": [
            {
              "name": "out",
              "path": "/nix/store/x6bvf2yyik9jlp2bdsdh8hbzg4l9sd49-just-1.46.0",
              "default": true
            },
            {
              "name": "man",
              "path": "/nix/store/n15hvaaz1fmrl0fgypqr04yj6mj825rw-just-1.46.0-man",
              "default": true
            },
            {
              "name": "doc",
              "path": "/nix/store/hd32nmf13rby52cd7g5gw6f3p2ghnrhl-just-1.46.0-doc"
            }
          ],
          "store_path": "/nix/store/x6bvf2yyik9jlp2bdsdh8hbzg4l9sd49-just-1.46.0"
        }
      }
    },
    "lua@latest": {
      "last_modified": "2026-02-23T15:40:43Z",
      "resolved": "github:NixOS/nixpkgs/80d901ec0377e19ac3f7bb8c035201e2e098cc97#lua",
      "source": "devbox-search",
      "version": "5.2.4",
      "systems": {
        "aarch64-darwin": {
          "outputs": [
            {
              "name": "out",
              "path": "/nix/store/cngbxqb23gi89rbd0kfk4v7hc93qwl58-lua-5.2.4",
              "default": true
            },
            {
              "name": "doc",
              "path": "/nix/store/5s9ni5xpcl0vgan5k9d2mag11jz5ym4s-lua-5.2.4-doc"
            }
          ],
          "store_path": "/nix/store/cngbxqb23gi89rbd0kfk4v7hc93qwl58-lua-5.2.4"
        },
        "aarch64-linux": {
          "outputs": [
            {
              "name": "out",
              "path": "/nix/store/xcy7ip34vi4p07yhg3xndjsqdn7hri7n-lua-5.2.4",
              "default": true
            },
            {
              "name": "doc",
              "path": "/nix/store/c9h5i7qrcwhnw0qnpcyb0k3daz2kz3z4-lua-5.2.4-doc"
            }
          ],
          "store_path": "/nix/store/xcy7ip34vi4p07yhg3xndjsqdn7hri7n-lua-5.2.4"
        },
        "x86_64-darwin": {
          "outputs": [
            {
              "name": "out",
              "path": "/nix/store/xmzszrmgng8zxf0f24xh5c44ak6sva3h-lua-5.2.4",
              "default": true
            },
            {
              "name": "doc",
              "path": "/nix/store/cd5rk99690rq0z4s3i9ca70y9yn9q59b-lua-5.2.4-doc"
            }
          ],
          "store_path": "/nix/store/xmzszrmgng8zxf0f24xh5c44ak6sva3h-lua-5.2.4"
        },
        "x86_64-linux": {
          "outputs": [
            {
              "name": "out",
              "path": "/nix/store/xm6xghhg6254dlmwqhl7qs22b8ygb3kc-lua-5.2.4",
              "default": true
            },
            {
              "name": "doc",
              "path": "/nix/store/r1s3dlghzvwxv7sngrzajn4bk76cs5gx-lua-5.2.4-doc"
            }
          ],
          "store_path": "/nix/store/xm6xghhg6254dlmwqhl7qs22b8ygb3kc-lua-5.2.4"
        }
      }
    },
    "pre-commit@latest": {
      "last_modified": "2026-02-23T15:40:43Z",
      "resolved": "github:NixOS/nixpkgs/80d901ec0377e19ac3f7bb8c035201e2e098cc97#pre-commit",
      "source": "devbox-search",
      "version": "4.5.1",
      "systems": {
        "aarch64-darwin": {
          "outputs": [
            {
              "name": "out",
              "path": "/nix/store/l55n4b26170g382dxchwchs5bb2mm816-pre-commit-4.5.1",
              "default": true
            },
            {
              "name": "dist",
              "path": "/nix/store/vx8bcz0p4c4nr57i0kszdnfk3vrxhc4n-pre-commit-4.5.1-dist"
            }
          ],
          "store_path": "/nix/store/l55n4b26170g382dxchwchs5bb2mm816-pre-commit-4.5.1"
        },
        "aarch64-linux": {
          "outputs": [
            {
              "name": "out",
              "path": "/nix/store/vry6jkxxy96b4vv8sr2yw2p2llangkd5-pre-commit-4.5.1",
              "default": true
            },
            {
              "name": "dist",
              "path": "/nix/store/l94g308gxsvwzil56ssvg0nb55gkjxfj-pre-commit-4.5.1-dist"
            }
          ],
          "store_path": "/nix/store/vry6jkxxy96b4vv8sr2yw2p2llangkd5-pre-commit-4.5.1"
        },
        "x86_64-darwin": {
          "outputs": [
            {
              "name": "out",
              "path": "/nix/store/h3g711srm8fn3c12xs638bhrgs7vqml4-pre-commit-4.5.1",
              "default": true
            },
            {
              "name": "dist",
              "path": "/nix/store/grbm0lk0i1fqliqj6lhgvymnr2kggvaj-pre-commit-4.5.1-dist"
            }
          ],
          "store_path": "/nix/store/h3g711srm8fn3c12xs638bhrgs7vqml4-pre-commit-4.5.1"
        },
        "x86_64-linux": {
          "outputs": [
            {
              "name": "out",
              "path": "/nix/store/j3m430mdag04c150qlr72zbvhmpkb1cz-pre-commit-4.5.1",
              "default": true
            },
            {
              "name": "dist",
              "path": "/nix/store/l3z236pck7hx6lz5x4s46xa0vkmjmvsh-pre-commit-4.5.1-dist"
            }
          ],
          "store_path": "/nix/store/j3m430mdag04c150qlr72zbvhmpkb1cz-pre-commit-4.5.1"
        }
      }
    }
  }
}
