{
  "lockfile_version": "1",
  "packages": {
    "direnv@latest": {
      "last_modified": "2024-12-23T21:10:33Z",
      "resolved": "github:NixOS/nixpkgs/de1864217bfa9b5845f465e771e0ecb48b30e02d#direnv",
      "source": "devbox-search",
      "version": "2.35.0",
      "systems": {
        "aarch64-darwin": {
          "outputs": [
            {
              "name": "out",
              "path": "/nix/store/xp28bzq6qi11db7pqgfx3rc139q45489-direnv-2.35.0",
              "default": true
            }
          ],
          "store_path": "/nix/store/xp28bzq6qi11db7pqgfx3rc139q45489-direnv-2.35.0"
        },
        "aarch64-linux": {
          "outputs": [
            {
              "name": "out",
              "path": "/nix/store/55vva1q4lhw2m62vvzzm2z26wfkpb430-direnv-2.35.0",
              "default": true
            }
          ],
          "store_path": "/nix/store/55vva1q4lhw2m62vvzzm2z26wfkpb430-direnv-2.35.0"
        },
        "x86_64-darwin": {
          "outputs": [
            {
              "name": "out",
              "path": "/nix/store/gza242ir81wafi79cfxk619n36rxqqmk-direnv-2.35.0",
              "default": true
            }
          ],
          "store_path": "/nix/store/gza242ir81wafi79cfxk619n36rxqqmk-direnv-2.35.0"
        },
        "x86_64-linux": {
          "outputs": [
            {
              "name": "out",
              "path": "/nix/store/jw2ax71m8dzgs8xybginlsyw79ndyww1-direnv-2.35.0",
              "default": true
            }
          ],
          "store_path": "/nix/store/jw2ax71m8dzgs8xybginlsyw79ndyww1-direnv-2.35.0"
        }
      }
    },
    "just@latest": {
      "last_modified": "2024-12-23T21:10:33Z",
      "resolved": "github:NixOS/nixpkgs/de1864217bfa9b5845f465e771e0ecb48b30e02d#just",
      "source": "devbox-search",
      "version": "1.38.0",
      "systems": {
        "aarch64-darwin": {
          "outputs": [
            {
              "name": "out",
              "path": "/nix/store/vsh8l0h4w2s2chhxnq3crggnqgajv8fr-just-1.38.0",
              "default": true
            },
            {
              "name": "man",
              "path": "/nix/store/4v2f2ilb558wldh4wl5iplhbqbwcs8x7-just-1.38.0-man",
              "default": true
            },
            {
              "name": "doc",
              "path": "/nix/store/ys7i8a3y8x0wpvpgjm1cg32vcmkvghaq-just-1.38.0-doc"
            }
          ],
          "store_path": "/nix/store/vsh8l0h4w2s2chhxnq3crggnqgajv8fr-just-1.38.0"
        },
        "aarch64-linux": {
          "outputs": [
            {
              "name": "out",
              "path": "/nix/store/v9c5rvb1f5351vnfqw1dwrqnyr0zmwkl-just-1.38.0",
              "default": true
            },
            {
              "name": "man",
              "path": "/nix/store/b402yzxcpdldqafh9lh1vz10pifyyrm1-just-1.38.0-man",
              "default": true
            },
            {
              "name": "doc",
              "path": "/nix/store/wdvhp7n1ll2r94bp1wq0nw9d7jsy9h5r-just-1.38.0-doc"
            }
          ],
          "store_path": "/nix/store/v9c5rvb1f5351vnfqw1dwrqnyr0zmwkl-just-1.38.0"
        },
        "x86_64-darwin": {
          "outputs": [
            {
              "name": "out",
              "path": "/nix/store/nrwx6y35zjj83shb7vj6nxl5a7ll7jfq-just-1.38.0",
              "default": true
            },
            {
              "name": "man",
              "path": "/nix/store/g72x3fkmf25sa8gc3sh17wm2s14vk1zi-just-1.38.0-man",
              "default": true
            },
            {
              "name": "doc",
              "path": "/nix/store/1z00n6g7id3z5x4wgmxnpp0www1r9ah6-just-1.38.0-doc"
            }
          ],
          "store_path": "/nix/store/nrwx6y35zjj83shb7vj6nxl5a7ll7jfq-just-1.38.0"
        },
        "x86_64-linux": {
          "outputs": [
            {
              "name": "out",
              "path": "/nix/store/8gfn54vq7r96i0jpdgbz4084b4n5if61-just-1.38.0",
              "default": true
            },
            {
              "name": "man",
              "path": "/nix/store/kh82ps1zp22cv36l4w1r7pzv1rbzpmjz-just-1.38.0-man",
              "default": true
            },
            {
              "name": "doc",
              "path": "/nix/store/lxn266hlm8ngl6r0bkz9bdc2g5iskqby-just-1.38.0-doc"
            }
          ],
          "store_path": "/nix/store/8gfn54vq7r96i0jpdgbz4084b4n5if61-just-1.38.0"
        }
      }
    },
    "lua@latest": {
      "last_modified": "2024-12-23T21:10:33Z",
      "resolved": "github:NixOS/nixpkgs/de1864217bfa9b5845f465e771e0ecb48b30e02d#lua",
      "source": "devbox-search",
      "version": "5.2.4",
      "systems": {
        "aarch64-darwin": {
          "outputs": [
            {
              "name": "out",
              "path": "/nix/store/7kk80jv44jn05lmrw30vsvvi1h1jc73l-lua-5.2.4",
              "default": true
            },
            {
              "name": "doc",
              "path": "/nix/store/18hvgfxnvx40l1690fbjkf6lvfj8ibmw-lua-5.2.4-doc"
            }
          ],
          "store_path": "/nix/store/7kk80jv44jn05lmrw30vsvvi1h1jc73l-lua-5.2.4"
        },
        "aarch64-linux": {
          "outputs": [
            {
              "name": "out",
              "path": "/nix/store/360mxk3kj18nrjfajh90h4r0xvk1dxyr-lua-5.2.4",
              "default": true
            },
            {
              "name": "doc",
              "path": "/nix/store/0qphiq32azpyy55c8g1gl8rijl2nqvns-lua-5.2.4-doc"
            }
          ],
          "store_path": "/nix/store/360mxk3kj18nrjfajh90h4r0xvk1dxyr-lua-5.2.4"
        },
        "x86_64-darwin": {
          "outputs": [
            {
              "name": "out",
              "path": "/nix/store/ylphk8wrazgjnpw9scnz71sn6xqnzplc-lua-5.2.4",
              "default": true
            },
            {
              "name": "doc",
              "path": "/nix/store/z2wavqvmk44lg230c7hmh8b7b8698sjx-lua-5.2.4-doc"
            }
          ],
          "store_path": "/nix/store/ylphk8wrazgjnpw9scnz71sn6xqnzplc-lua-5.2.4"
        },
        "x86_64-linux": {
          "outputs": [
            {
              "name": "out",
              "path": "/nix/store/83mcif21214qww80bdvazgfpfhxky409-lua-5.2.4",
              "default": true
            },
            {
              "name": "doc",
              "path": "/nix/store/n58pfmyw8h1n6qfl0y8f25n3ymh5ac3j-lua-5.2.4-doc"
            }
          ],
          "store_path": "/nix/store/83mcif21214qww80bdvazgfpfhxky409-lua-5.2.4"
        }
      }
    },
    "pre-commit@latest": {
      "last_modified": "2024-12-23T21:10:33Z",
      "resolved": "github:NixOS/nixpkgs/de1864217bfa9b5845f465e771e0ecb48b30e02d#pre-commit",
      "source": "devbox-search",
      "version": "4.0.1",
      "systems": {
        "aarch64-darwin": {
          "outputs": [
            {
              "name": "out",
              "path": "/nix/store/aj6zf1phz6ny2j29q8sxzfvl27ckf4r2-pre-commit-4.0.1",
              "default": true
            },
            {
              "name": "dist",
              "path": "/nix/store/2dc1kb5jhb7gzar482hj108h9sa04ci8-pre-commit-4.0.1-dist"
            }
          ],
          "store_path": "/nix/store/aj6zf1phz6ny2j29q8sxzfvl27ckf4r2-pre-commit-4.0.1"
        },
        "aarch64-linux": {
          "outputs": [
            {
              "name": "out",
              "path": "/nix/store/3hkr2pavxhy22qv05v9dqcrxl5n5asn8-pre-commit-4.0.1",
              "default": true
            },
            {
              "name": "dist",
              "path": "/nix/store/z2c39ayd3ppc0i8vsxvavjadmjmdxag9-pre-commit-4.0.1-dist"
            }
          ],
          "store_path": "/nix/store/3hkr2pavxhy22qv05v9dqcrxl5n5asn8-pre-commit-4.0.1"
        },
        "x86_64-darwin": {
          "outputs": [
            {
              "name": "out",
              "path": "/nix/store/3wlhnh4dnkgx2hgqc5iabifjn7gdwjyz-pre-commit-4.0.1",
              "default": true
            },
            {
              "name": "dist",
              "path": "/nix/store/20fa2qy7gr07dv205k47spf8y21w053v-pre-commit-4.0.1-dist"
            }
          ],
          "store_path": "/nix/store/3wlhnh4dnkgx2hgqc5iabifjn7gdwjyz-pre-commit-4.0.1"
        },
        "x86_64-linux": {
          "outputs": [
            {
              "name": "out",
              "path": "/nix/store/cfa8kw48cw2hc6mw7kb6dwzcv5f4rq7r-pre-commit-4.0.1",
              "default": true
            },
            {
              "name": "dist",
              "path": "/nix/store/p2n6y3a52wx4mg1anx4hsw90x3dsh8mk-pre-commit-4.0.1-dist"
            }
          ],
          "store_path": "/nix/store/cfa8kw48cw2hc6mw7kb6dwzcv5f4rq7r-pre-commit-4.0.1"
        }
      }
    }
  }
}
